
Microsoft Visual Studio Solution File, Format Version 12.00
# Visual Studio Version 17
VisualStudioVersion = 17.3.32922.545
MinimumVisualStudioVersion = 10.0.40219.1
Project("{FAE04EC0-301F-11D3-BF4B-00C04F79EFBC}") = "QuickSort", "QuickSort\QuickSort.csproj", "{7C38E2A3-15CB-462C-A6C8-D80DD4BEA682}"
EndProject
Global
	GlobalSection(SolutionConfigurationPlatforms) = preSolution
		Debug|Any CPU = Debug|Any CPU
		Release|Any CPU = Release|Any CPU
	EndGlobalSection
	GlobalSection(ProjectConfigurationPlatforms) = postSolution
		{7C38E2A3-15CB-462C-A6C8-D80DD4BEA682}.Debug|Any CPU.ActiveCfg = Debug|Any CPU
		{7C38E2A3-15CB-462C-A6C8-D80DD4BEA682}.Debug|Any CPU.Build.0 = Debug|Any CPU
		{7C38E2A3-15CB-462C-A6C8-D80DD4BEA682}.Release|Any CPU.ActiveCfg = Release|Any CPU
		{7C38E2A3-15CB-462C-A6C8-D80DD4BEA682}.Release|Any CPU.Build.0 = Release|Any CPU
	EndGlobalSection
	GlobalSection(SolutionProperties) = preSolution
		HideSolutionNode = FALSE
	EndGlobalSection
	GlobalSection(ExtensibilityGlobals) = postSolution
		SolutionGuid = {E01E3E6D-6471-4316-A60D-E164A60A5B80}
	EndGlobalSection
EndGlobal
